// !$*UTF8*$!
{
	archiveVersion = 1;
	classes = {
	};
	objectVersion = 56;
	objects = {

/* Begin PBXBuildFile section */
		F76EA4652B5DC02300DD8818 /* ButtonModifier.swift in Sources */ = {isa = PBXBuildFile; fileRef = F76EA4642B5DC02300DD8818 /* ButtonModifier.swift */; };
		F76EA4A32B5F12A800DD8818 /* FeedView.swift in Sources */ = {isa = PBXBuildFile; fileRef = F76EA4A22B5F12A800DD8818 /* FeedView.swift */; };
		F76EA4A72B5F135F00DD8818 /* ExploreView.swift in Sources */ = {isa = PBXBuildFile; fileRef = F76EA4A62B5F135F00DD8818 /* ExploreView.swift */; };
		F76EA4AB2B5F13F000DD8818 /* CreateThreadView.swift in Sources */ = {isa = PBXBuildFile; fileRef = F76EA4AA2B5F13F000DD8818 /* CreateThreadView.swift */; };
		F76EA4AF2B5F149600DD8818 /* ActivityView.swift in Sources */ = {isa = PBXBuildFile; fileRef = F76EA4AE2B5F149600DD8818 /* ActivityView.swift */; };
		F76EA4B32B5F14B900DD8818 /* ProfileView.swift in Sources */ = {isa = PBXBuildFile; fileRef = F76EA4B22B5F14B900DD8818 /* ProfileView.swift */; };
		F76EA4CD2B626BE200DD8818 /* ThreadCell.swift in Sources */ = {isa = PBXBuildFile; fileRef = F76EA4CC2B626BE200DD8818 /* ThreadCell.swift */; };
		F76EA4D42B64503100DD8818 /* CircularProfileImageView.swift in Sources */ = {isa = PBXBuildFile; fileRef = F76EA4D32B64503100DD8818 /* CircularProfileImageView.swift */; };
		F76EA4D62B6450CC00DD8818 /* UserCell.swift in Sources */ = {isa = PBXBuildFile; fileRef = F76EA4D52B6450CC00DD8818 /* UserCell.swift */; };
		F78F276F2B30E69A00823BBF /* ThreadsApp.swift in Sources */ = {isa = PBXBuildFile; fileRef = F78F276E2B30E69A00823BBF /* ThreadsApp.swift */; };
		F78F27712B30E69A00823BBF /* ContentView.swift in Sources */ = {isa = PBXBuildFile; fileRef = F78F27702B30E69A00823BBF /* ContentView.swift */; };
		F78F27732B30E69B00823BBF /* Assets.xcassets in Resources */ = {isa = PBXBuildFile; fileRef = F78F27722B30E69B00823BBF /* Assets.xcassets */; };
		F78F27762B30E69B00823BBF /* Preview Assets.xcassets in Resources */ = {isa = PBXBuildFile; fileRef = F78F27752B30E69B00823BBF /* Preview Assets.xcassets */; };
		F78F27882B30E76D00823BBF /* LoginView.swift in Sources */ = {isa = PBXBuildFile; fileRef = F78F27872B30E76D00823BBF /* LoginView.swift */; };
		F78F278A2B319DFF00823BBF /* RegistrationView.swift in Sources */ = {isa = PBXBuildFile; fileRef = F78F27892B319DFF00823BBF /* RegistrationView.swift */; };
		F78F278D2B31DAF400823BBF /* TextFieldModifier.swift in Sources */ = {isa = PBXBuildFile; fileRef = F78F278C2B31DAF400823BBF /* TextFieldModifier.swift */; };
		F78F27902B31DE3100823BBF /* ThreadsTabView.swift in Sources */ = {isa = PBXBuildFile; fileRef = F78F278F2B31DE3100823BBF /* ThreadsTabView.swift */; };
/* End PBXBuildFile section */

/* Begin PBXFileReference section */
		F76EA4642B5DC02300DD8818 /* ButtonModifier.swift */ = {isa = PBXFileReference; lastKnownFileType = sourcecode.swift; path = ButtonModifier.swift; sourceTree = "<group>"; };
		F76EA4A22B5F12A800DD8818 /* FeedView.swift */ = {isa = PBXFileReference; lastKnownFileType = sourcecode.swift; path = FeedView.swift; sourceTree = "<group>"; };
		F76EA4A62B5F135F00DD8818 /* ExploreView.swift */ = {isa = PBXFileReference; lastKnownFileType = sourcecode.swift; path = ExploreView.swift; sourceTree = "<group>"; };
		F76EA4AA2B5F13F000DD8818 /* CreateThreadView.swift */ = {isa = PBXFileReference; lastKnownFileType = sourcecode.swift; path = CreateThreadView.swift; sourceTree = "<group>"; };
		F76EA4AE2B5F149600DD8818 /* ActivityView.swift */ = {isa = PBXFileReference; lastKnownFileType = sourcecode.swift; path = ActivityView.swift; sourceTree = "<group>"; };
		F76EA4B22B5F14B900DD8818 /* ProfileView.swift */ = {isa = PBXFileReference; lastKnownFileType = sourcecode.swift; path = ProfileView.swift; sourceTree = "<group>"; };
		F76EA4CC2B626BE200DD8818 /* ThreadCell.swift */ = {isa = PBXFileReference; lastKnownFileType = sourcecode.swift; path = ThreadCell.swift; sourceTree = "<group>"; };
		F76EA4D32B64503100DD8818 /* CircularProfileImageView.swift */ = {isa = PBXFileReference; lastKnownFileType = sourcecode.swift; path = CircularProfileImageView.swift; sourceTree = "<group>"; };
		F76EA4D52B6450CC00DD8818 /* UserCell.swift */ = {isa = PBXFileReference; lastKnownFileType = sourcecode.swift; path = UserCell.swift; sourceTree = "<group>"; };
		F78F276B2B30E69A00823BBF /* Threads.app */ = {isa = PBXFileReference; explicitFileType = wrapper.application; includeInIndex = 0; path = Threads.app; sourceTree = BUILT_PRODUCTS_DIR; };
		F78F276E2B30E69A00823BBF /* ThreadsApp.swift */ = {isa = PBXFileReference; lastKnownFileType = sourcecode.swift; path = ThreadsApp.swift; sourceTree = "<group>"; };
		F78F27702B30E69A00823BBF /* ContentView.swift */ = {isa = PBXFileReference; lastKnownFileType = sourcecode.swift; path = ContentView.swift; sourceTree = "<group>"; };
		F78F27722B30E69B00823BBF /* Assets.xcassets */ = {isa = PBXFileReference; lastKnownFileType = folder.assetcatalog; path = Assets.xcassets; sourceTree = "<group>"; };
		F78F27752B30E69B00823BBF /* Preview Assets.xcassets */ = {isa = PBXFileReference; lastKnownFileType = folder.assetcatalog; path = "Preview Assets.xcassets"; sourceTree = "<group>"; };
		F78F27872B30E76D00823BBF /* LoginView.swift */ = {isa = PBXFileReference; lastKnownFileType = sourcecode.swift; path = LoginView.swift; sourceTree = "<group>"; };
		F78F27892B319DFF00823BBF /* RegistrationView.swift */ = {isa = PBXFileReference; lastKnownFileType = sourcecode.swift; path = RegistrationView.swift; sourceTree = "<group>"; };
		F78F278C2B31DAF400823BBF /* TextFieldModifier.swift */ = {isa = PBXFileReference; lastKnownFileType = sourcecode.swift; path = TextFieldModifier.swift; sourceTree = "<group>"; };
		F78F278F2B31DE3100823BBF /* ThreadsTabView.swift */ = {isa = PBXFileReference; lastKnownFileType = sourcecode.swift; path = ThreadsTabView.swift; sourceTree = "<group>"; };
/* End PBXFileReference section */

/* Begin PBXFrameworksBuildPhase section */
		F78F27682B30E69A00823BBF /* Frameworks */ = {
			isa = PBXFrameworksBuildPhase;
			buildActionMask = 2147483647;
			files = (
			);
			runOnlyForDeploymentPostprocessing = 0;
		};
/* End PBXFrameworksBuildPhase section */

/* Begin PBXGroup section */
		F76EA4A02B5F128900DD8818 /* Feed */ = {
			isa = PBXGroup;
			children = (
				F76EA4A12B5F129600DD8818 /* Views */,
			);
			path = Feed;
			sourceTree = "<group>";
		};
		F76EA4A12B5F129600DD8818 /* Views */ = {
			isa = PBXGroup;
			children = (
				F76EA4A22B5F12A800DD8818 /* FeedView.swift */,
				F76EA4CC2B626BE200DD8818 /* ThreadCell.swift */,
			);
			path = Views;
			sourceTree = "<group>";
		};
		F76EA4A42B5F134600DD8818 /* Explore */ = {
			isa = PBXGroup;
			children = (
				F76EA4A52B5F135500DD8818 /* View */,
			);
			path = Explore;
			sourceTree = "<group>";
		};
		F76EA4A52B5F135500DD8818 /* View */ = {
			isa = PBXGroup;
			children = (
				F76EA4A62B5F135F00DD8818 /* ExploreView.swift */,
				F76EA4D52B6450CC00DD8818 /* UserCell.swift */,
			);
			path = View;
			sourceTree = "<group>";
		};
		F76EA4A82B5F13BF00DD8818 /* ThreadCreation */ = {
			isa = PBXGroup;
			children = (
				F76EA4A92B5F13DA00DD8818 /* View */,
			);
			path = ThreadCreation;
			sourceTree = "<group>";
		};
		F76EA4A92B5F13DA00DD8818 /* View */ = {
			isa = PBXGroup;
			children = (
				F76EA4AA2B5F13F000DD8818 /* CreateThreadView.swift */,
			);
			path = View;
			sourceTree = "<group>";
		};
		F76EA4AC2B5F147900DD8818 /* Activity */ = {
			isa = PBXGroup;
			children = (
				F76EA4AD2B5F148900DD8818 /* View */,
			);
			path = Activity;
			sourceTree = "<group>";
		};
		F76EA4AD2B5F148900DD8818 /* View */ = {
			isa = PBXGroup;
			children = (
				F76EA4AE2B5F149600DD8818 /* ActivityView.swift */,
			);
			path = View;
			sourceTree = "<group>";
		};
		F76EA4B02B5F14AC00DD8818 /* Profile */ = {
			isa = PBXGroup;
			children = (
				F76EA4B12B5F14B100DD8818 /* View */,
			);
			path = Profile;
			sourceTree = "<group>";
		};
		F76EA4B12B5F14B100DD8818 /* View */ = {
			isa = PBXGroup;
			children = (
				F76EA4B22B5F14B900DD8818 /* ProfileView.swift */,
			);
			path = View;
			sourceTree = "<group>";
		};
		F76EA4D22B644FE300DD8818 /* Components */ = {
			isa = PBXGroup;
			children = (
				F76EA4D32B64503100DD8818 /* CircularProfileImageView.swift */,
			);
			path = Components;
			sourceTree = "<group>";
		};
		F78F27622B30E69A00823BBF = {
			isa = PBXGroup;
			children = (
				F78F276D2B30E69A00823BBF /* Threads */,
				F78F276C2B30E69A00823BBF /* Products */,
			);
			sourceTree = "<group>";
		};
		F78F276C2B30E69A00823BBF /* Products */ = {
			isa = PBXGroup;
			children = (
				F78F276B2B30E69A00823BBF /* Threads.app */,
			);
			name = Products;
			sourceTree = "<group>";
		};
		F78F276D2B30E69A00823BBF /* Threads */ = {
			isa = PBXGroup;
			children = (
				F78F27812B30E6D000823BBF /* App */,
				F78F27802B30E6C800823BBF /* Core */,
				F78F277F2B30E6C400823BBF /* Extentions */,
				F78F277E2B30E6BD00823BBF /* Model */,
				F78F277D2B30E6B900823BBF /* Services */,
				F78F277C2B30E6AD00823BBF /* Utils */,
				F78F27722B30E69B00823BBF /* Assets.xcassets */,
				F78F27742B30E69B00823BBF /* Preview Content */,
			);
			path = Threads;
			sourceTree = "<group>";
		};
		F78F27742B30E69B00823BBF /* Preview Content */ = {
			isa = PBXGroup;
			children = (
				F78F27752B30E69B00823BBF /* Preview Assets.xcassets */,
			);
			path = "Preview Content";
			sourceTree = "<group>";
		};
		F78F277C2B30E6AD00823BBF /* Utils */ = {
			isa = PBXGroup;
			children = (
				F78F278B2B31DA9700823BBF /* ViewModifiers */,
			);
			path = Utils;
			sourceTree = "<group>";
		};
		F78F277D2B30E6B900823BBF /* Services */ = {
			isa = PBXGroup;
			children = (
			);
			path = Services;
			sourceTree = "<group>";
		};
		F78F277E2B30E6BD00823BBF /* Model */ = {
			isa = PBXGroup;
			children = (
			);
			path = Model;
			sourceTree = "<group>";
		};
		F78F277F2B30E6C400823BBF /* Extentions */ = {
			isa = PBXGroup;
			children = (
			);
			path = Extentions;
			sourceTree = "<group>";
		};
		F78F27802B30E6C800823BBF /* Core */ = {
			isa = PBXGroup;
			children = (
				F76EA4AC2B5F147900DD8818 /* Activity */,
				F78F27842B30E71100823BBF /* Authentication */,
				F76EA4D22B644FE300DD8818 /* Components */,
				F76EA4A42B5F134600DD8818 /* Explore */,
				F76EA4A02B5F128900DD8818 /* Feed */,
				F76EA4A82B5F13BF00DD8818 /* ThreadCreation */,
				F76EA4B02B5F14AC00DD8818 /* Profile */,
				F78F27852B30E72D00823BBF /* Root */,
				F78F278E2B31DDCE00823BBF /* TabBar */,
			);
			path = Core;
			sourceTree = "<group>";
		};
		F78F27812B30E6D000823BBF /* App */ = {
			isa = PBXGroup;
			children = (
				F78F276E2B30E69A00823BBF /* ThreadsApp.swift */,
			);
			path = App;
			sourceTree = "<group>";
		};
		F78F27842B30E71100823BBF /* Authentication */ = {
			isa = PBXGroup;
			children = (
				F78F27862B30E75100823BBF /* Views */,
			);
			path = Authentication;
			sourceTree = "<group>";
		};
		F78F27852B30E72D00823BBF /* Root */ = {
			isa = PBXGroup;
			children = (
				F78F27702B30E69A00823BBF /* ContentView.swift */,
			);
			path = Root;
			sourceTree = "<group>";
		};
		F78F27862B30E75100823BBF /* Views */ = {
			isa = PBXGroup;
			children = (
				F78F27872B30E76D00823BBF /* LoginView.swift */,
				F78F27892B319DFF00823BBF /* RegistrationView.swift */,
			);
			path = Views;
			sourceTree = "<group>";
		};
		F78F278B2B31DA9700823BBF /* ViewModifiers */ = {
			isa = PBXGroup;
			children = (
				F78F278C2B31DAF400823BBF /* TextFieldModifier.swift */,
				F76EA4642B5DC02300DD8818 /* ButtonModifier.swift */,
			);
			path = ViewModifiers;
			sourceTree = "<group>";
		};
		F78F278E2B31DDCE00823BBF /* TabBar */ = {
			isa = PBXGroup;
			children = (
				F78F278F2B31DE3100823BBF /* ThreadsTabView.swift */,
			);
			path = TabBar;
			sourceTree = "<group>";
		};
/* End PBXGroup section */

/* Begin PBXNativeTarget section */
		F78F276A2B30E69A00823BBF /* Threads */ = {
			isa = PBXNativeTarget;
			buildConfigurationList = F78F27792B30E69B00823BBF /* Build configuration list for PBXNativeTarget "Threads" */;
			buildPhases = (
				F78F27672B30E69A00823BBF /* Sources */,
				F78F27682B30E69A00823BBF /* Frameworks */,
				F78F27692B30E69A00823BBF /* Resources */,
			);
			buildRules = (
			);
			dependencies = (
			);
			name = Threads;
			productName = Threads;
			productReference = F78F276B2B30E69A00823BBF /* Threads.app */;
			productType = "com.apple.product-type.application";
		};
/* End PBXNativeTarget section */

/* Begin PBXProject section */
		F78F27632B30E69A00823BBF /* Project object */ = {
			isa = PBXProject;
			attributes = {
				BuildIndependentTargetsInParallel = 1;
				LastSwiftUpdateCheck = 1510;
				LastUpgradeCheck = 1510;
				TargetAttributes = {
					F78F276A2B30E69A00823BBF = {
						CreatedOnToolsVersion = 15.1;
					};
				};
			};
			buildConfigurationList = F78F27662B30E69A00823BBF /* Build configuration list for PBXProject "Threads" */;
			compatibilityVersion = "Xcode 14.0";
			developmentRegion = en;
			hasScannedForEncodings = 0;
			knownRegions = (
				en,
				Base,
			);
			mainGroup = F78F27622B30E69A00823BBF;
			productRefGroup = F78F276C2B30E69A00823BBF /* Products */;
			projectDirPath = "";
			projectRoot = "";
			targets = (
				F78F276A2B30E69A00823BBF /* Threads */,
			);
		};
/* End PBXProject section */

/* Begin PBXResourcesBuildPhase section */
		F78F27692B30E69A00823BBF /* Resources */ = {
			isa = PBXResourcesBuildPhase;
			buildActionMask = 2147483647;
			files = (
				F78F27762B30E69B00823BBF /* Preview Assets.xcassets in Resources */,
				F78F27732B30E69B00823BBF /* Assets.xcassets in Resources */,
			);
			runOnlyForDeploymentPostprocessing = 0;
		};
/* End PBXResourcesBuildPhase section */

/* Begin PBXSourcesBuildPhase section */
		F78F27672B30E69A00823BBF /* Sources */ = {
			isa = PBXSourcesBuildPhase;
			buildActionMask = 2147483647;
			files = (
				F76EA4AF2B5F149600DD8818 /* ActivityView.swift in Sources */,
				F76EA4AB2B5F13F000DD8818 /* CreateThreadView.swift in Sources */,
				F76EA4A32B5F12A800DD8818 /* FeedView.swift in Sources */,
				F76EA4A72B5F135F00DD8818 /* ExploreView.swift in Sources */,
				F76EA4B32B5F14B900DD8818 /* ProfileView.swift in Sources */,
				F76EA4652B5DC02300DD8818 /* ButtonModifier.swift in Sources */,
				F78F27882B30E76D00823BBF /* LoginView.swift in Sources */,
				F76EA4D42B64503100DD8818 /* CircularProfileImageView.swift in Sources */,
				F76EA4D62B6450CC00DD8818 /* UserCell.swift in Sources */,
				F78F278D2B31DAF400823BBF /* TextFieldModifier.swift in Sources */,
				F76EA4CD2B626BE200DD8818 /* ThreadCell.swift in Sources */,
				F78F27712B30E69A00823BBF /* ContentView.swift in Sources */,
				F78F276F2B30E69A00823BBF /* ThreadsApp.swift in Sources */,
				F78F27902B31DE3100823BBF /* ThreadsTabView.swift in Sources */,
				F78F278A2B319DFF00823BBF /* RegistrationView.swift in Sources */,
			);
			runOnlyForDeploymentPostprocessing = 0;
		};
/* End PBXSourcesBuildPhase section */

/* Begin XCBuildConfiguration section */
		F78F27772B30E69B00823BBF /* Debug */ = {
			isa = XCBuildConfiguration;
			buildSettings = {
				ALWAYS_SEARCH_USER_PATHS = NO;
				ASSETCATALOG_COMPILER_GENERATE_SWIFT_ASSET_SYMBOL_EXTENSIONS = YES;
				CLANG_ANALYZER_NONNULL = YES;
				CLANG_ANALYZER_NUMBER_OBJECT_CONVERSION = YES_AGGRESSIVE;
				CLANG_CXX_LANGUAGE_STANDARD = "gnu++20";
				CLANG_ENABLE_MODULES = YES;
				CLANG_ENABLE_OBJC_ARC = YES;
				CLANG_ENABLE_OBJC_WEAK = YES;
				CLANG_WARN_BLOCK_CAPTURE_AUTORELEASING = YES;
				CLANG_WARN_BOOL_CONVERSION = YES;
				CLANG_WARN_COMMA = YES;
				CLANG_WARN_CONSTANT_CONVERSION = YES;
				CLANG_WARN_DEPRECATED_OBJC_IMPLEMENTATIONS = YES;
				CLANG_WARN_DIRECT_OBJC_ISA_USAGE = YES_ERROR;
				CLANG_WARN_DOCUMENTATION_COMMENTS = YES;
				CLANG_WARN_EMPTY_BODY = YES;
				CLANG_WARN_ENUM_CONVERSION = YES;
				CLANG_WARN_INFINITE_RECURSION = YES;
				CLANG_WARN_INT_CONVERSION = YES;
				CLANG_WARN_NON_LITERAL_NULL_CONVERSION = YES;
				CLANG_WARN_OBJC_IMPLICIT_RETAIN_SELF = YES;
				CLANG_WARN_OBJC_LITERAL_CONVERSION = YES;
				CLANG_WARN_OBJC_ROOT_CLASS = YES_ERROR;
				CLANG_WARN_QUOTED_INCLUDE_IN_FRAMEWORK_HEADER = YES;
				CLANG_WARN_RANGE_LOOP_ANALYSIS = YES;
				CLANG_WARN_STRICT_PROTOTYPES = YES;
				CLANG_WARN_SUSPICIOUS_MOVE = YES;
				CLANG_WARN_UNGUARDED_AVAILABILITY = YES_AGGRESSIVE;
				CLANG_WARN_UNREACHABLE_CODE = YES;
				CLANG_WARN__DUPLICATE_METHOD_MATCH = YES;
				COPY_PHASE_STRIP = NO;
				DEBUG_INFORMATION_FORMAT = dwarf;
				ENABLE_STRICT_OBJC_MSGSEND = YES;
				ENABLE_TESTABILITY = YES;
				ENABLE_USER_SCRIPT_SANDBOXING = YES;
				GCC_C_LANGUAGE_STANDARD = gnu17;
				GCC_DYNAMIC_NO_PIC = NO;
				GCC_NO_COMMON_BLOCKS = YES;
				GCC_OPTIMIZATION_LEVEL = 0;
				GCC_PREPROCESSOR_DEFINITIONS = (
					"DEBUG=1",
					"$(inherited)",
				);
				GCC_WARN_64_TO_32_BIT_CONVERSION = YES;
				GCC_WARN_ABOUT_RETURN_TYPE = YES_ERROR;
				GCC_WARN_UNDECLARED_SELECTOR = YES;
				GCC_WARN_UNINITIALIZED_AUTOS = YES_AGGRESSIVE;
				GCC_WARN_UNUSED_FUNCTION = YES;
				GCC_WARN_UNUSED_VARIABLE = YES;
				IPHONEOS_DEPLOYMENT_TARGET = 17.2;
				LOCALIZATION_PREFERS_STRING_CATALOGS = YES;
				MTL_ENABLE_DEBUG_INFO = INCLUDE_SOURCE;
				MTL_FAST_MATH = YES;
				ONLY_ACTIVE_ARCH = YES;
				SDKROOT = iphoneos;
				SWIFT_ACTIVE_COMPILATION_CONDITIONS = "DEBUG $(inherited)";
				SWIFT_OPTIMIZATION_LEVEL = "-Onone";
			};
			name = Debug;
		};
		F78F27782B30E69B00823BBF /* Release */ = {
			isa = XCBuildConfiguration;
			buildSettings = {
				ALWAYS_SEARCH_USER_PATHS = NO;
				ASSETCATALOG_COMPILER_GENERATE_SWIFT_ASSET_SYMBOL_EXTENSIONS = YES;
				CLANG_ANALYZER_NONNULL = YES;
				CLANG_ANALYZER_NUMBER_OBJECT_CONVERSION = YES_AGGRESSIVE;
				CLANG_CXX_LANGUAGE_STANDARD = "gnu++20";
				CLANG_ENABLE_MODULES = YES;
				CLANG_ENABLE_OBJC_ARC = YES;
				CLANG_ENABLE_OBJC_WEAK = YES;
				CLANG_WARN_BLOCK_CAPTURE_AUTORELEASING = YES;
				CLANG_WARN_BOOL_CONVERSION = YES;
				CLANG_WARN_COMMA = YES;
				CLANG_WARN_CONSTANT_CONVERSION = YES;
				CLANG_WARN_DEPRECATED_OBJC_IMPLEMENTATIONS = YES;
				CLANG_WARN_DIRECT_OBJC_ISA_USAGE = YES_ERROR;
				CLANG_WARN_DOCUMENTATION_COMMENTS = YES;
				CLANG_WARN_EMPTY_BODY = YES;
				CLANG_WARN_ENUM_CONVERSION = YES;
				CLANG_WARN_INFINITE_RECURSION = YES;
				CLANG_WARN_INT_CONVERSION = YES;
				CLANG_WARN_NON_LITERAL_NULL_CONVERSION = YES;
				CLANG_WARN_OBJC_IMPLICIT_RETAIN_SELF = YES;
				CLANG_WARN_OBJC_LITERAL_CONVERSION = YES;
				CLANG_WARN_OBJC_ROOT_CLASS = YES_ERROR;
				CLANG_WARN_QUOTED_INCLUDE_IN_FRAMEWORK_HEADER = YES;
				CLANG_WARN_RANGE_LOOP_ANALYSIS = YES;
				CLANG_WARN_STRICT_PROTOTYPES = YES;
				CLANG_WARN_SUSPICIOUS_MOVE = YES;
				CLANG_WARN_UNGUARDED_AVAILABILITY = YES_AGGRESSIVE;
				CLANG_WARN_UNREACHABLE_CODE = YES;
				CLANG_WARN__DUPLICATE_METHOD_MATCH = YES;
				COPY_PHASE_STRIP = NO;
				DEBUG_INFORMATION_FORMAT = "dwarf-with-dsym";
				ENABLE_NS_ASSERTIONS = NO;
				ENABLE_STRICT_OBJC_MSGSEND = YES;
				ENABLE_USER_SCRIPT_SANDBOXING = YES;
				GCC_C_LANGUAGE_STANDARD = gnu17;
				GCC_NO_COMMON_BLOCKS = YES;
				GCC_WARN_64_TO_32_BIT_CONVERSION = YES;
				GCC_WARN_ABOUT_RETURN_TYPE = YES_ERROR;
				GCC_WARN_UNDECLARED_SELECTOR = YES;
				GCC_WARN_UNINITIALIZED_AUTOS = YES_AGGRESSIVE;
				GCC_WARN_UNUSED_FUNCTION = YES;
				GCC_WARN_UNUSED_VARIABLE = YES;
				IPHONEOS_DEPLOYMENT_TARGET = 17.2;
				LOCALIZATION_PREFERS_STRING_CATALOGS = YES;
				MTL_ENABLE_DEBUG_INFO = NO;
				MTL_FAST_MATH = YES;
				SDKROOT = iphoneos;
				SWIFT_COMPILATION_MODE = wholemodule;
				VALIDATE_PRODUCT = YES;
			};
			name = Release;
		};
		F78F277A2B30E69B00823BBF /* Debug */ = {
			isa = XCBuildConfiguration;
			buildSettings = {
				ASSETCATALOG_COMPILER_APPICON_NAME = AppIcon;
				ASSETCATALOG_COMPILER_GLOBAL_ACCENT_COLOR_NAME = AccentColor;
				CODE_SIGN_STYLE = Automatic;
				CURRENT_PROJECT_VERSION = 1;
				DEVELOPMENT_ASSET_PATHS = "\"Threads/Preview Content\"";
				DEVELOPMENT_TEAM = G6G538D5VU;
				ENABLE_PREVIEWS = YES;
				GENERATE_INFOPLIST_FILE = YES;
				INFOPLIST_KEY_UIApplicationSceneManifest_Generation = YES;
				INFOPLIST_KEY_UIApplicationSupportsIndirectInputEvents = YES;
				INFOPLIST_KEY_UILaunchScreen_Generation = YES;
				INFOPLIST_KEY_UISupportedInterfaceOrientations_iPad = "UIInterfaceOrientationPortrait UIInterfaceOrientationPortraitUpsideDown UIInterfaceOrientationLandscapeLeft UIInterfaceOrientationLandscapeRight";
				INFOPLIST_KEY_UISupportedInterfaceOrientations_iPhone = "UIInterfaceOrientationPortrait UIInterfaceOrientationLandscapeLeft UIInterfaceOrientationLandscapeRight";
				LD_RUNPATH_SEARCH_PATHS = (
					"$(inherited)",
					"@executable_path/Frameworks",
				);
				MARKETING_VERSION = 1.0;
				PRODUCT_BUNDLE_IDENTIFIER = com.codebase.Threads;
				PRODUCT_NAME = "$(TARGET_NAME)";
				SWIFT_EMIT_LOC_STRINGS = YES;
				SWIFT_VERSION = 5.0;
				TARGETED_DEVICE_FAMILY = "1,2";
			};
			name = Debug;
		};
		F78F277B2B30E69B00823BBF /* Release */ = {
			isa = XCBuildConfiguration;
			buildSettings = {
				ASSETCATALOG_COMPILER_APPICON_NAME = AppIcon;
				ASSETCATALOG_COMPILER_GLOBAL_ACCENT_COLOR_NAME = AccentColor;
				CODE_SIGN_STYLE = Automatic;
				CURRENT_PROJECT_VERSION = 1;
				DEVELOPMENT_ASSET_PATHS = "\"Threads/Preview Content\"";
				DEVELOPMENT_TEAM = G6G538D5VU;
				ENABLE_PREVIEWS = YES;
				GENERATE_INFOPLIST_FILE = YES;
				INFOPLIST_KEY_UIApplicationSceneManifest_Generation = YES;
				INFOPLIST_KEY_UIApplicationSupportsIndirectInputEvents = YES;
				INFOPLIST_KEY_UILaunchScreen_Generation = YES;
				INFOPLIST_KEY_UISupportedInterfaceOrientations_iPad = "UIInterfaceOrientationPortrait UIInterfaceOrientationPortraitUpsideDown UIInterfaceOrientationLandscapeLeft UIInterfaceOrientationLandscapeRight";
				INFOPLIST_KEY_UISupportedInterfaceOrientations_iPhone = "UIInterfaceOrientationPortrait UIInterfaceOrientationLandscapeLeft UIInterfaceOrientationLandscapeRight";
				LD_RUNPATH_SEARCH_PATHS = (
					"$(inherited)",
					"@executable_path/Frameworks",
				);
				MARKETING_VERSION = 1.0;
				PRODUCT_BUNDLE_IDENTIFIER = com.codebase.Threads;
				PRODUCT_NAME = "$(TARGET_NAME)";
				SWIFT_EMIT_LOC_STRINGS = YES;
				SWIFT_VERSION = 5.0;
				TARGETED_DEVICE_FAMILY = "1,2";
			};
			name = Release;
		};
/* End XCBuildConfiguration section */

/* Begin XCConfigurationList section */
		F78F27662B30E69A00823BBF /* Build configuration list for PBXProject "Threads" */ = {
			isa = XCConfigurationList;
			buildConfigurations = (
				F78F27772B30E69B00823BBF /* Debug */,
				F78F27782B30E69B00823BBF /* Release */,
			);
			defaultConfigurationIsVisible = 0;
			defaultConfigurationName = Release;
		};
		F78F27792B30E69B00823BBF /* Build configuration list for PBXNativeTarget "Threads" */ = {
			isa = XCConfigurationList;
			buildConfigurations = (
				F78F277A2B30E69B00823BBF /* Debug */,
				F78F277B2B30E69B00823BBF /* Release */,
			);
			defaultConfigurationIsVisible = 0;
			defaultConfigurationName = Release;
		};
/* End XCConfigurationList section */
	};
	rootObject = F78F27632B30E69A00823BBF /* Project object */;
}
